<?xml version="1.0" encoding="utf-8"?>
<Project ToolsVersion="17.0" xmlns="http://schemas.microsoft.com/developer/msbuild/2003">
  <ItemGroup>
    <ClCompile Include="E:\Ricky\Development\FB2K-Chinese\fb2k_component\tests\test_tag_processor_sdk_integration.cpp">
      <Filter>Source Files</Filter>
    </ClCompile>
  </ItemGroup>
  <ItemGroup>
    <CustomBuild Include="E:\Ricky\Development\FB2K-Chinese\fb2k_component\CMakeLists.txt" />
  </ItemGroup>
  <ItemGroup>
    <Filter Include="Source Files">
      <UniqueIdentifier>{3AFB8A24-35A3-3C68-86AE-F7789BFD1E83}</UniqueIdentifier>
    </Filter>
  </ItemGroup>
</Project>
