<?xml version="1.0" encoding="utf-8"?>
<Project ToolsVersion="17.0" xmlns="http://schemas.microsoft.com/developer/msbuild/2003">
  <ItemGroup>
    <CustomBuild Include="E:\Ricky\Development\FB2K-Chinese\build-win32\CMakeFiles\3da149f3f39a20e318af1c459811eb07\generate.stamp.rule">
      <Filter>CMake Rules</Filter>
    </CustomBuild>
  </ItemGroup>
  <ItemGroup>
    <Filter Include="CMake Rules">
      <UniqueIdentifier>{8E834F6A-EEB4-33AE-BC05-0209431CC929}</UniqueIdentifier>
    </Filter>
  </ItemGroup>
</Project>
